# This file is autogenerated, do not edit; changes may be undone by the next 'dep ensure'.


[[projects]]
  branch = "master"
  name = "github.com/clsung/grcode"
  packages = ["."]
  revision = "9825516d052430530c6ebb48e0b87de78e8da8b2"

[[projects]]
  name = "gocv.io/x/gocv"
  packages = ["."]
  revision = "09994446aec439b74e48f97f777026cc47a6fe14"
  version = "0.13.1"

[solve-meta]
  analyzer-name = "dep"
  analyzer-version = 1
  inputs-digest = "5ba4f21310289f97718da7632ba4290ce44056c555312557d8bebe58cf853f80"
  solver-name = "gps-cdcl"
  solver-version = 1
